// !$*UTF8*$!
{
	archiveVersion = 1;
	classes = {
	};
	objectVersion = 77;
	objects = {

/* Begin PBXBuildFile section */
		D9D3D7282FD89A5F00DFFBAB /* JobQueueViewModel.swift in Sources */ = {isa = PBXBuildFile; fileRef = D9D3D7192FD89A5F00DFFBAB /* JobQueueViewModel.swift */; };
		D9D3D7292FD89A5F00DFFBAB /* LibrarySidebar.swift in Sources */ = {isa = PBXBuildFile; fileRef = D9D3D7212FD89A5F00DFFBAB /* LibrarySidebar.swift */; };
		D9D3D72A2FD89A5F00DFFBAB /* SettingsView.swift in Sources */ = {isa = PBXBuildFile; fileRef = D9D3D7232FD89A5F00DFFBAB /* SettingsView.swift */; };
		D9D3D72B2FD89A5F00DFFBAB /* MediaModels.swift in Sources */ = {isa = PBXBuildFile; fileRef = D9D3D70C2FD89A5F00DFFBAB /* MediaModels.swift */; };
		D9D3D72C2FD89A5F00DFFBAB /* ContentView.swift in Sources */ = {isa = PBXBuildFile; fileRef = D9D3D71D2FD89A5F00DFFBAB /* ContentView.swift */; };
		D9D3D72D2FD89A5F00DFFBAB /* ProcessRunner.swift in Sources */ = {isa = PBXBuildFile; fileRef = D9D3D7172FD89A5F00DFFBAB /* ProcessRunner.swift */; };
		D9D3D72E2FD89A5F00DFFBAB /* FFmpegCommandBuilder.swift in Sources */ = {isa = PBXBuildFile; fileRef = D9D3D7132FD89A5F00DFFBAB /* FFmpegCommandBuilder.swift */; };
		D9D3D72F2FD89A5F00DFFBAB /* DropZoneView.swift in Sources */ = {isa = PBXBuildFile; fileRef = D9D3D71F2FD89A5F00DFFBAB /* DropZoneView.swift */; };
		D9D3D7302FD89A5F00DFFBAB /* MP4toolsPlusApp.swift in Sources */ = {isa = PBXBuildFile; fileRef = D9D3D7092FD89A5F00DFFBAB /* MP4toolsPlusApp.swift */; };
		D9D3D7312FD89A5F00DFFBAB /* DetailView.swift in Sources */ = {isa = PBXBuildFile; fileRef = D9D3D71E2FD89A5F00DFFBAB /* DetailView.swift */; };
		D9D3D7322FD89A5F00DFFBAB /* MediaInspector.swift in Sources */ = {isa = PBXBuildFile; fileRef = D9D3D7152FD89A5F00DFFBAB /* MediaInspector.swift */; };
		D9D3D7332FD89A5F00DFFBAB /* LibraryViewModel.swift in Sources */ = {isa = PBXBuildFile; fileRef = D9D3D71A2FD89A5F00DFFBAB /* LibraryViewModel.swift */; };
		D9D3D7342FD89A5F00DFFBAB /* FFmpegService.swift in Sources */ = {isa = PBXBuildFile; fileRef = D9D3D7142FD89A5F00DFFBAB /* FFmpegService.swift */; };
		D9D3D7352FD89A5F00DFFBAB /* OperationSheet.swift in Sources */ = {isa = PBXBuildFile; fileRef = D9D3D7222FD89A5F00DFFBAB /* OperationSheet.swift */; };
		D9D3D7362FD89A5F00DFFBAB /* TrackTableView.swift in Sources */ = {isa = PBXBuildFile; fileRef = D9D3D7242FD89A5F00DFFBAB /* TrackTableView.swift */; };
		D9D3D7372FD89A5F00DFFBAB /* Job.swift in Sources */ = {isa = PBXBuildFile; fileRef = D9D3D70B2FD89A5F00DFFBAB /* Job.swift */; };
		D9D3D7382FD89A5F00DFFBAB /* OutputNaming.swift in Sources */ = {isa = PBXBuildFile; fileRef = D9D3D7162FD89A5F00DFFBAB /* OutputNaming.swift */; };
		D9D3D7392FD89A5F00DFFBAB /* JobTrayView.swift in Sources */ = {isa = PBXBuildFile; fileRef = D9D3D7202FD89A5F00DFFBAB /* JobTrayView.swift */; };
		D9D3D73A2FD89A5F00DFFBAB /* BinaryLocator.swift in Sources */ = {isa = PBXBuildFile; fileRef = D9D3D7122FD89A5F00DFFBAB /* BinaryLocator.swift */; };
		D9D3D73B2FD89A5F00DFFBAB /* Preset.swift in Sources */ = {isa = PBXBuildFile; fileRef = D9D3D70D2FD89A5F00DFFBAB /* Preset.swift */; };
		D9D3D73C2FD89A5F00DFFBAB /* PresetStore.swift in Sources */ = {isa = PBXBuildFile; fileRef = D9D3D71B2FD89A5F00DFFBAB /* PresetStore.swift */; };
/* End PBXBuildFile section */

/* Begin PBXContainerItemProxy section */
		D9C4A4712FD89968007061D4 /* PBXContainerItemProxy */ = {
			isa = PBXContainerItemProxy;
			containerPortal = D9C4A4572FD89967007061D4 /* Project object */;
			proxyType = 1;
			remoteGlobalIDString = D9C4A45E2FD89967007061D4;
			remoteInfo = MP4toolsPlus;
		};
		D9C4A47B2FD89968007061D4 /* PBXContainerItemProxy */ = {
			isa = PBXContainerItemProxy;
			containerPortal = D9C4A4572FD89967007061D4 /* Project object */;
			proxyType = 1;
			remoteGlobalIDString = D9C4A45E2FD89967007061D4;
			remoteInfo = MP4toolsPlus;
		};
/* End PBXContainerItemProxy section */

/* Begin PBXFileReference section */
		D9C4A45F2FD89967007061D4 /* MP4toolsPlus.app */ = {isa = PBXFileReference; explicitFileType = wrapper.application; includeInIndex = 0; path = MP4toolsPlus.app; sourceTree = BUILT_PRODUCTS_DIR; };
		D9C4A4702FD89968007061D4 /* MP4toolsPlusTests.xctest */ = {isa = PBXFileReference; explicitFileType = wrapper.cfbundle; includeInIndex = 0; path = MP4toolsPlusTests.xctest; sourceTree = BUILT_PRODUCTS_DIR; };
		D9C4A47A2FD89968007061D4 /* MP4toolsPlusUITests.xctest */ = {isa = PBXFileReference; explicitFileType = wrapper.cfbundle; includeInIndex = 0; path = MP4toolsPlusUITests.xctest; sourceTree = BUILT_PRODUCTS_DIR; };
		D9D3D7092FD89A5F00DFFBAB /* MP4toolsPlusApp.swift */ = {isa = PBXFileReference; lastKnownFileType = sourcecode.swift; path = MP4toolsPlusApp.swift; sourceTree = "<group>"; };
		D9D3D70B2FD89A5F00DFFBAB /* Job.swift */ = {isa = PBXFileReference; lastKnownFileType = sourcecode.swift; path = Job.swift; sourceTree = "<group>"; };
		D9D3D70C2FD89A5F00DFFBAB /* MediaModels.swift */ = {isa = PBXFileReference; lastKnownFileType = sourcecode.swift; path = MediaModels.swift; sourceTree = "<group>"; };
		D9D3D70D2FD89A5F00DFFBAB /* Preset.swift */ = {isa = PBXFileReference; lastKnownFileType = sourcecode.swift; path = Preset.swift; sourceTree = "<group>"; };
		D9D3D70F2FD89A5F00DFFBAB /* Info.plist */ = {isa = PBXFileReference; lastKnownFileType = text.plist.xml; path = Info.plist; sourceTree = "<group>"; };
		D9D3D7102FD89A5F00DFFBAB /* MP4toolsPlus.entitlements */ = {isa = PBXFileReference; lastKnownFileType = text.plist.entitlements; path = MP4toolsPlus.entitlements; sourceTree = "<group>"; };
		D9D3D7122FD89A5F00DFFBAB /* BinaryLocator.swift */ = {isa = PBXFileReference; lastKnownFileType = sourcecode.swift; path = BinaryLocator.swift; sourceTree = "<group>"; };
		D9D3D7132FD89A5F00DFFBAB /* FFmpegCommandBuilder.swift */ = {isa = PBXFileReference; lastKnownFileType = sourcecode.swift; path = FFmpegCommandBuilder.swift; sourceTree = "<group>"; };
		D9D3D7142FD89A5F00DFFBAB /* FFmpegService.swift */ = {isa = PBXFileReference; lastKnownFileType = sourcecode.swift; path = FFmpegService.swift; sourceTree = "<group>"; };
		D9D3D7152FD89A5F00DFFBAB /* MediaInspector.swift */ = {isa = PBXFileReference; lastKnownFileType = sourcecode.swift; path = MediaInspector.swift; sourceTree = "<group>"; };
		D9D3D7162FD89A5F00DFFBAB /* OutputNaming.swift */ = {isa = PBXFileReference; lastKnownFileType = sourcecode.swift; path = OutputNaming.swift; sourceTree = "<group>"; };
		D9D3D7172FD89A5F00DFFBAB /* ProcessRunner.swift */ = {isa = PBXFileReference; lastKnownFileType = sourcecode.swift; path = ProcessRunner.swift; sourceTree = "<group>"; };
		D9D3D7192FD89A5F00DFFBAB /* JobQueueViewModel.swift */ = {isa = PBXFileReference; lastKnownFileType = sourcecode.swift; path = JobQueueViewModel.swift; sourceTree = "<group>"; };
		D9D3D71A2FD89A5F00DFFBAB /* LibraryViewModel.swift */ = {isa = PBXFileReference; lastKnownFileType = sourcecode.swift; path = LibraryViewModel.swift; sourceTree = "<group>"; };
		D9D3D71B2FD89A5F00DFFBAB /* PresetStore.swift */ = {isa = PBXFileReference; lastKnownFileType = sourcecode.swift; path = PresetStore.swift; sourceTree = "<group>"; };
		D9D3D71D2FD89A5F00DFFBAB /* ContentView.swift */ = {isa = PBXFileReference; lastKnownFileType = sourcecode.swift; path = ContentView.swift; sourceTree = "<group>"; };
		D9D3D71E2FD89A5F00DFFBAB /* DetailView.swift */ = {isa = PBXFileReference; lastKnownFileType = sourcecode.swift; path = DetailView.swift; sourceTree = "<group>"; };
		D9D3D71F2FD89A5F00DFFBAB /* DropZoneView.swift */ = {isa = PBXFileReference; lastKnownFileType = sourcecode.swift; path = DropZoneView.swift; sourceTree = "<group>"; };
		D9D3D7202FD89A5F00DFFBAB /* JobTrayView.swift */ = {isa = PBXFileReference; lastKnownFileType = sourcecode.swift; path = JobTrayView.swift; sourceTree = "<group>"; };
		D9D3D7212FD89A5F00DFFBAB /* LibrarySidebar.swift */ = {isa = PBXFileReference; lastKnownFileType = sourcecode.swift; path = LibrarySidebar.swift; sourceTree = "<group>"; };
		D9D3D7222FD89A5F00DFFBAB /* OperationSheet.swift */ = {isa = PBXFileReference; lastKnownFileType = sourcecode.swift; path = OperationSheet.swift; sourceTree = "<group>"; };
		D9D3D7232FD89A5F00DFFBAB /* SettingsView.swift */ = {isa = PBXFileReference; lastKnownFileType = sourcecode.swift; path = SettingsView.swift; sourceTree = "<group>"; };
		D9D3D7242FD89A5F00DFFBAB /* TrackTableView.swift */ = {isa = PBXFileReference; lastKnownFileType = sourcecode.swift; path = TrackTableView.swift; sourceTree = "<group>"; };
/* End PBXFileReference section */

/* Begin PBXFileSystemSynchronizedBuildFileExceptionSet section */
		D9C4A4822FD89968007061D4 /* Exceptions for "MP4toolsPlus" folder in "MP4toolsPlus" target */ = {
			isa = PBXFileSystemSynchronizedBuildFileExceptionSet;
			membershipExceptions = (
				Info.plist,
			);
			target = D9C4A45E2FD89967007061D4 /* MP4toolsPlus */;
		};
/* End PBXFileSystemSynchronizedBuildFileExceptionSet section */

/* Begin PBXFileSystemSynchronizedRootGroup section */
		D9C4A4612FD89967007061D4 /* MP4toolsPlus */ = {
			isa = PBXFileSystemSynchronizedRootGroup;
			exceptions = (
				D9C4A4822FD89968007061D4 /* Exceptions for "MP4toolsPlus" folder in "MP4toolsPlus" target */,
			);
			path = MP4toolsPlus;
			sourceTree = "<group>";
		};
		D9C4A4732FD89968007061D4 /* MP4toolsPlusTests */ = {
			isa = PBXFileSystemSynchronizedRootGroup;
			path = MP4toolsPlusTests;
			sourceTree = "<group>";
		};
		D9C4A47D2FD89968007061D4 /* MP4toolsPlusUITests */ = {
			isa = PBXFileSystemSynchronizedRootGroup;
			path = MP4toolsPlusUITests;
			sourceTree = "<group>";
		};
/* End PBXFileSystemSynchronizedRootGroup section */

/* Begin PBXFrameworksBuildPhase section */
		D9C4A45C2FD89967007061D4 /* Frameworks */ = {
			isa = PBXFrameworksBuildPhase;
			buildActionMask = 2147483647;
			files = (
			);
			runOnlyForDeploymentPostprocessing = 0;
		};
		D9C4A46D2FD89968007061D4 /* Frameworks */ = {
			isa = PBXFrameworksBuildPhase;
			buildActionMask = 2147483647;
			files = (
			);
			runOnlyForDeploymentPostprocessing = 0;
		};
		D9C4A4772FD89968007061D4 /* Frameworks */ = {
			isa = PBXFrameworksBuildPhase;
			buildActionMask = 2147483647;
			files = (
			);
			runOnlyForDeploymentPostprocessing = 0;
		};
/* End PBXFrameworksBuildPhase section */

/* Begin PBXGroup section */
		D9C4A4562FD89967007061D4 = {
			isa = PBXGroup;
			children = (
				D9D3D7262FD89A5F00DFFBAB /* MP4toolsPlusSource */,
				D9C4A4612FD89967007061D4 /* MP4toolsPlus */,
				D9C4A4732FD89968007061D4 /* MP4toolsPlusTests */,
				D9C4A47D2FD89968007061D4 /* MP4toolsPlusUITests */,
				D9C4A4602FD89967007061D4 /* Products */,
			);
			sourceTree = "<group>";
		};
		D9C4A4602FD89967007061D4 /* Products */ = {
			isa = PBXGroup;
			children = (
				D9C4A45F2FD89967007061D4 /* MP4toolsPlus.app */,
				D9C4A4702FD89968007061D4 /* MP4toolsPlusTests.xctest */,
				D9C4A47A2FD89968007061D4 /* MP4toolsPlusUITests.xctest */,
			);
			name = Products;
			sourceTree = "<group>";
		};
		D9D3D70A2FD89A5F00DFFBAB /* App */ = {
			isa = PBXGroup;
			children = (
				D9D3D7092FD89A5F00DFFBAB /* MP4toolsPlusApp.swift */,
			);
			path = App;
			sourceTree = "<group>";
		};
		D9D3D70E2FD89A5F00DFFBAB /* Models */ = {
			isa = PBXGroup;
			children = (
				D9D3D70B2FD89A5F00DFFBAB /* Job.swift */,
				D9D3D70C2FD89A5F00DFFBAB /* MediaModels.swift */,
				D9D3D70D2FD89A5F00DFFBAB /* Preset.swift */,
			);
			path = Models;
			sourceTree = "<group>";
		};
		D9D3D7112FD89A5F00DFFBAB /* Resources */ = {
			isa = PBXGroup;
			children = (
				D9D3D70F2FD89A5F00DFFBAB /* Info.plist */,
				D9D3D7102FD89A5F00DFFBAB /* MP4toolsPlus.entitlements */,
			);
			path = Resources;
			sourceTree = "<group>";
		};
		D9D3D7182FD89A5F00DFFBAB /* Services */ = {
			isa = PBXGroup;
			children = (
				D9D3D7122FD89A5F00DFFBAB /* BinaryLocator.swift */,
				D9D3D7132FD89A5F00DFFBAB /* FFmpegCommandBuilder.swift */,
				D9D3D7142FD89A5F00DFFBAB /* FFmpegService.swift */,
				D9D3D7152FD89A5F00DFFBAB /* MediaInspector.swift */,
				D9D3D7162FD89A5F00DFFBAB /* OutputNaming.swift */,
				D9D3D7172FD89A5F00DFFBAB /* ProcessRunner.swift */,
			);
			path = Services;
			sourceTree = "<group>";
		};
		D9D3D71C2FD89A5F00DFFBAB /* ViewModels */ = {
			isa = PBXGroup;
			children = (
				D9D3D7192FD89A5F00DFFBAB /* JobQueueViewModel.swift */,
				D9D3D71A2FD89A5F00DFFBAB /* LibraryViewModel.swift */,
				D9D3D71B2FD89A5F00DFFBAB /* PresetStore.swift */,
			);
			path = ViewModels;
			sourceTree = "<group>";
		};
		D9D3D7252FD89A5F00DFFBAB /* Views */ = {
			isa = PBXGroup;
			children = (
				D9D3D71D2FD89A5F00DFFBAB /* ContentView.swift */,
				D9D3D71E2FD89A5F00DFFBAB /* DetailView.swift */,
				D9D3D71F2FD89A5F00DFFBAB /* DropZoneView.swift */,
				D9D3D7202FD89A5F00DFFBAB /* JobTrayView.swift */,
				D9D3D7212FD89A5F00DFFBAB /* LibrarySidebar.swift */,
				D9D3D7222FD89A5F00DFFBAB /* OperationSheet.swift */,
				D9D3D7232FD89A5F00DFFBAB /* SettingsView.swift */,
				D9D3D7242FD89A5F00DFFBAB /* TrackTableView.swift */,
			);
			path = Views;
			sourceTree = "<group>";
		};
		D9D3D7262FD89A5F00DFFBAB /* MP4toolsPlusSource */ = {
			isa = PBXGroup;
			children = (
				D9D3D70A2FD89A5F00DFFBAB /* App */,
				D9D3D70E2FD89A5F00DFFBAB /* Models */,
				D9D3D7112FD89A5F00DFFBAB /* Resources */,
				D9D3D7182FD89A5F00DFFBAB /* Services */,
				D9D3D71C2FD89A5F00DFFBAB /* ViewModels */,
				D9D3D7252FD89A5F00DFFBAB /* Views */,
			);
			path = MP4toolsPlusSource;
			sourceTree = "<group>";
		};
/* End PBXGroup section */

/* Begin PBXNativeTarget section */
		D9C4A45E2FD89967007061D4 /* MP4toolsPlus */ = {
			isa = PBXNativeTarget;
			buildConfigurationList = D9C4A4832FD89968007061D4 /* Build configuration list for PBXNativeTarget "MP4toolsPlus" */;
			buildPhases = (
				D9C4A45B2FD89967007061D4 /* Sources */,
				D9C4A45C2FD89967007061D4 /* Frameworks */,
				D9C4A45D2FD89967007061D4 /* Resources */,
			);
			buildRules = (
			);
			dependencies = (
			);
			fileSystemSynchronizedGroups = (
				D9C4A4612FD89967007061D4 /* MP4toolsPlus */,
			);
			name = MP4toolsPlus;
			packageProductDependencies = (
			);
			productName = MP4toolsPlus;
			productReference = D9C4A45F2FD89967007061D4 /* MP4toolsPlus.app */;
			productType = "com.apple.product-type.application";
		};
		D9C4A46F2FD89968007061D4 /* MP4toolsPlusTests */ = {
			isa = PBXNativeTarget;
			buildConfigurationList = D9C4A4882FD89968007061D4 /* Build configuration list for PBXNativeTarget "MP4toolsPlusTests" */;
			buildPhases = (
				D9C4A46C2FD89968007061D4 /* Sources */,
				D9C4A46D2FD89968007061D4 /* Frameworks */,
				D9C4A46E2FD89968007061D4 /* Resources */,
			);
			buildRules = (
			);
			dependencies = (
				D9C4A4722FD89968007061D4 /* PBXTargetDependency */,
			);
			fileSystemSynchronizedGroups = (
				D9C4A4732FD89968007061D4 /* MP4toolsPlusTests */,
			);
			name = MP4toolsPlusTests;
			packageProductDependencies = (
			);
			productName = MP4toolsPlusTests;
			productReference = D9C4A4702FD89968007061D4 /* MP4toolsPlusTests.xctest */;
			productType = "com.apple.product-type.bundle.unit-test";
		};
		D9C4A4792FD89968007061D4 /* MP4toolsPlusUITests */ = {
			isa = PBXNativeTarget;
			buildConfigurationList = D9C4A48B2FD89968007061D4 /* Build configuration list for PBXNativeTarget "MP4toolsPlusUITests" */;
			buildPhases = (
				D9C4A4762FD89968007061D4 /* Sources */,
				D9C4A4772FD89968007061D4 /* Frameworks */,
				D9C4A4782FD89968007061D4 /* Resources */,
			);
			buildRules = (
			);
			dependencies = (
				D9C4A47C2FD89968007061D4 /* PBXTargetDependency */,
			);
			fileSystemSynchronizedGroups = (
				D9C4A47D2FD89968007061D4 /* MP4toolsPlusUITests */,
			);
			name = MP4toolsPlusUITests;
			packageProductDependencies = (
			);
			productName = MP4toolsPlusUITests;
			productReference = D9C4A47A2FD89968007061D4 /* MP4toolsPlusUITests.xctest */;
			productType = "com.apple.product-type.bundle.ui-testing";
		};
/* End PBXNativeTarget section */

/* Begin PBXProject section */
		D9C4A4572FD89967007061D4 /* Project object */ = {
			isa = PBXProject;
			attributes = {
				BuildIndependentTargetsInParallel = 1;
				LastSwiftUpdateCheck = 2640;
				LastUpgradeCheck = 2640;
				TargetAttributes = {
					D9C4A45E2FD89967007061D4 = {
						CreatedOnToolsVersion = 26.4.1;
					};
					D9C4A46F2FD89968007061D4 = {
						CreatedOnToolsVersion = 26.4.1;
						TestTargetID = D9C4A45E2FD89967007061D4;
					};
					D9C4A4792FD89968007061D4 = {
						CreatedOnToolsVersion = 26.4.1;
						TestTargetID = D9C4A45E2FD89967007061D4;
					};
				};
			};
			buildConfigurationList = D9C4A45A2FD89967007061D4 /* Build configuration list for PBXProject "MP4toolsPlus" */;
			developmentRegion = en;
			hasScannedForEncodings = 0;
			knownRegions = (
				en,
				Base,
			);
			mainGroup = D9C4A4562FD89967007061D4;
			minimizedProjectReferenceProxies = 1;
			preferredProjectObjectVersion = 77;
			productRefGroup = D9C4A4602FD89967007061D4 /* Products */;
			projectDirPath = "";
			projectRoot = "";
			targets = (
				D9C4A45E2FD89967007061D4 /* MP4toolsPlus */,
				D9C4A46F2FD89968007061D4 /* MP4toolsPlusTests */,
				D9C4A4792FD89968007061D4 /* MP4toolsPlusUITests */,
			);
		};
/* End PBXProject section */

/* Begin PBXResourcesBuildPhase section */
		D9C4A45D2FD89967007061D4 /* Resources */ = {
			isa = PBXResourcesBuildPhase;
			buildActionMask = 2147483647;
			files = (
			);
			runOnlyForDeploymentPostprocessing = 0;
		};
		D9C4A46E2FD89968007061D4 /* Resources */ = {
			isa = PBXResourcesBuildPhase;
			buildActionMask = 2147483647;
			files = (
			);
			runOnlyForDeploymentPostprocessing = 0;
		};
		D9C4A4782FD89968007061D4 /* Resources */ = {
			isa = PBXResourcesBuildPhase;
			buildActionMask = 2147483647;
			files = (
			);
			runOnlyForDeploymentPostprocessing = 0;
		};
/* End PBXResourcesBuildPhase section */

/* Begin PBXSourcesBuildPhase section */
		D9C4A45B2FD89967007061D4 /* Sources */ = {
			isa = PBXSourcesBuildPhase;
			buildActionMask = 2147483647;
			files = (
				D9D3D7282FD89A5F00DFFBAB /* JobQueueViewModel.swift in Sources */,
				D9D3D7292FD89A5F00DFFBAB /* LibrarySidebar.swift in Sources */,
				D9D3D72A2FD89A5F00DFFBAB /* SettingsView.swift in Sources */,
				D9D3D72B2FD89A5F00DFFBAB /* MediaModels.swift in Sources */,
				D9D3D72C2FD89A5F00DFFBAB /* ContentView.swift in Sources */,
				D9D3D72D2FD89A5F00DFFBAB /* ProcessRunner.swift in Sources */,
				D9D3D72E2FD89A5F00DFFBAB /* FFmpegCommandBuilder.swift in Sources */,
				D9D3D72F2FD89A5F00DFFBAB /* DropZoneView.swift in Sources */,
				D9D3D7302FD89A5F00DFFBAB /* MP4toolsPlusApp.swift in Sources */,
				D9D3D7312FD89A5F00DFFBAB /* DetailView.swift in Sources */,
				D9D3D7322FD89A5F00DFFBAB /* MediaInspector.swift in Sources */,
				D9D3D7332FD89A5F00DFFBAB /* LibraryViewModel.swift in Sources */,
				D9D3D7342FD89A5F00DFFBAB /* FFmpegService.swift in Sources */,
				D9D3D7352FD89A5F00DFFBAB /* OperationSheet.swift in Sources */,
				D9D3D7362FD89A5F00DFFBAB /* TrackTableView.swift in Sources */,
				D9D3D7372FD89A5F00DFFBAB /* Job.swift in Sources */,
				D9D3D7382FD89A5F00DFFBAB /* OutputNaming.swift in Sources */,
				D9D3D7392FD89A5F00DFFBAB /* JobTrayView.swift in Sources */,
				D9D3D73A2FD89A5F00DFFBAB /* BinaryLocator.swift in Sources */,
				D9D3D73B2FD89A5F00DFFBAB /* Preset.swift in Sources */,
				D9D3D73C2FD89A5F00DFFBAB /* PresetStore.swift in Sources */,
			);
			runOnlyForDeploymentPostprocessing = 0;
		};
		D9C4A46C2FD89968007061D4 /* Sources */ = {
			isa = PBXSourcesBuildPhase;
			buildActionMask = 2147483647;
			files = (
			);
			runOnlyForDeploymentPostprocessing = 0;
		};
		D9C4A4762FD89968007061D4 /* Sources */ = {
			isa = PBXSourcesBuildPhase;
			buildActionMask = 2147483647;
			files = (
			);
			runOnlyForDeploymentPostprocessing = 0;
		};
/* End PBXSourcesBuildPhase section */

/* Begin PBXTargetDependency section */
		D9C4A4722FD89968007061D4 /* PBXTargetDependency */ = {
			isa = PBXTargetDependency;
			target = D9C4A45E2FD89967007061D4 /* MP4toolsPlus */;
			targetProxy = D9C4A4712FD89968007061D4 /* PBXContainerItemProxy */;
		};
		D9C4A47C2FD89968007061D4 /* PBXTargetDependency */ = {
			isa = PBXTargetDependency;
			target = D9C4A45E2FD89967007061D4 /* MP4toolsPlus */;
			targetProxy = D9C4A47B2FD89968007061D4 /* PBXContainerItemProxy */;
		};
/* End PBXTargetDependency section */

/* Begin XCBuildConfiguration section */
		D9C4A4842FD89968007061D4 /* Debug */ = {
			isa = XCBuildConfiguration;
			buildSettings = {
				ASSETCATALOG_COMPILER_APPICON_NAME = AppIcon;
				ASSETCATALOG_COMPILER_GLOBAL_ACCENT_COLOR_NAME = AccentColor;
				AUTOMATION_APPLE_EVENTS = NO;
				"CODE_SIGN_IDENTITY[sdk=macosx*]" = "Developer ID Application";
				CODE_SIGN_STYLE = Manual;
				CURRENT_PROJECT_VERSION = 1;
				DEVELOPMENT_TEAM = "";
				"DEVELOPMENT_TEAM[sdk=macosx*]" = JTU6ZV6ZZF;
				ENABLE_APP_SANDBOX = NO;
				ENABLE_HARDENED_RUNTIME = YES;
				ENABLE_PREVIEWS = YES;
				ENABLE_RESOURCE_ACCESS_AUDIO_INPUT = NO;
				ENABLE_RESOURCE_ACCESS_CALENDARS = NO;
				ENABLE_RESOURCE_ACCESS_CAMERA = NO;
				ENABLE_RESOURCE_ACCESS_CONTACTS = NO;
				ENABLE_RESOURCE_ACCESS_LOCATION = NO;
				ENABLE_RESOURCE_ACCESS_PHOTO_LIBRARY = NO;
				ENABLE_USER_SELECTED_FILES = readwrite;
				GENERATE_INFOPLIST_FILE = YES;
				INFOPLIST_FILE = MP4toolsPlus/Info.plist;
				"INFOPLIST_KEY_UIApplicationSceneManifest_Generation[sdk=iphoneos*]" = YES;
				"INFOPLIST_KEY_UIApplicationSceneManifest_Generation[sdk=iphonesimulator*]" = YES;
				"INFOPLIST_KEY_UIApplicationSupportsIndirectInputEvents[sdk=iphoneos*]" = YES;
				"INFOPLIST_KEY_UIApplicationSupportsIndirectInputEvents[sdk=iphonesimulator*]" = YES;
				"INFOPLIST_KEY_UILaunchScreen_Generation[sdk=iphoneos*]" = YES;
				"INFOPLIST_KEY_UILaunchScreen_Generation[sdk=iphonesimulator*]" = YES;
				"INFOPLIST_KEY_UIStatusBarStyle[sdk=iphoneos*]" = UIStatusBarStyleDefault;
				"INFOPLIST_KEY_UIStatusBarStyle[sdk=iphonesimulator*]" = UIStatusBarStyleDefault;
				INFOPLIST_KEY_UISupportedInterfaceOrientations_iPad = "UIInterfaceOrientationPortrait UIInterfaceOrientationPortraitUpsideDown UIInterfaceOrientationLandscapeLeft UIInterfaceOrientationLandscapeRight";
				INFOPLIST_KEY_UISupportedInterfaceOrientations_iPhone = "UIInterfaceOrientationPortrait UIInterfaceOrientationLandscapeLeft UIInterfaceOrientationLandscapeRight";
				IPHONEOS_DEPLOYMENT_TARGET = 26.4;
				LD_RUNPATH_SEARCH_PATHS = "@executable_path/Frameworks";
				"LD_RUNPATH_SEARCH_PATHS[sdk=macosx*]" = "@executable_path/../Frameworks";
				MACOSX_DEPLOYMENT_TARGET = 14.6;
				MARKETING_VERSION = 1.0;
				PRODUCT_BUNDLE_IDENTIFIER = cheneydotcom.MP4toolsPlus;
				PRODUCT_NAME = "$(TARGET_NAME)";
				PROVISIONING_PROFILE_SPECIFIER = "";
				REGISTER_APP_GROUPS = YES;
				RUNTIME_EXCEPTION_ALLOW_DYLD_ENVIRONMENT_VARIABLES = NO;
				RUNTIME_EXCEPTION_ALLOW_JIT = NO;
				RUNTIME_EXCEPTION_ALLOW_UNSIGNED_EXECUTABLE_MEMORY = NO;
				RUNTIME_EXCEPTION_DEBUGGING_TOOL = NO;
				RUNTIME_EXCEPTION_DISABLE_EXECUTABLE_PAGE_PROTECTION = NO;
				RUNTIME_EXCEPTION_DISABLE_LIBRARY_VALIDATION = YES;
				SDKROOT = macosx;
				STRING_CATALOG_GENERATE_SYMBOLS = YES;
				SUPPORTED_PLATFORMS = macosx;
				SWIFT_APPROACHABLE_CONCURRENCY = YES;
				SWIFT_DEFAULT_ACTOR_ISOLATION = nonisolated;
				SWIFT_EMIT_LOC_STRINGS = YES;
				SWIFT_UPCOMING_FEATURE_MEMBER_IMPORT_VISIBILITY = YES;
				SWIFT_VERSION = 5.0;
				TARGETED_DEVICE_FAMILY = "1,2,7";
				XROS_DEPLOYMENT_TARGET = 26.4;
			};
			name = Debug;
		};
		D9C4A4852FD89968007061D4 /* Release */ = {
			isa = XCBuildConfiguration;
			buildSettings = {
				ASSETCATALOG_COMPILER_APPICON_NAME = AppIcon;
				ASSETCATALOG_COMPILER_GLOBAL_ACCENT_COLOR_NAME = AccentColor;
				AUTOMATION_APPLE_EVENTS = NO;
				"CODE_SIGN_IDENTITY[sdk=macosx*]" = "Developer ID Application";
				CODE_SIGN_STYLE = Manual;
				CURRENT_PROJECT_VERSION = 1;
				DEVELOPMENT_TEAM = "";
				"DEVELOPMENT_TEAM[sdk=macosx*]" = JTU6ZV6ZZF;
				ENABLE_APP_SANDBOX = NO;
				ENABLE_HARDENED_RUNTIME = YES;
				ENABLE_PREVIEWS = YES;
				ENABLE_RESOURCE_ACCESS_AUDIO_INPUT = NO;
				ENABLE_RESOURCE_ACCESS_CALENDARS = NO;
				ENABLE_RESOURCE_ACCESS_CAMERA = NO;
				ENABLE_RESOURCE_ACCESS_CONTACTS = NO;
				ENABLE_RESOURCE_ACCESS_LOCATION = NO;
				ENABLE_RESOURCE_ACCESS_PHOTO_LIBRARY = NO;
				ENABLE_USER_SELECTED_FILES = readwrite;
				GENERATE_INFOPLIST_FILE = YES;
				INFOPLIST_FILE = MP4toolsPlus/Info.plist;
				"INFOPLIST_KEY_UIApplicationSceneManifest_Generation[sdk=iphoneos*]" = YES;
				"INFOPLIST_KEY_UIApplicationSceneManifest_Generation[sdk=iphonesimulator*]" = YES;
				"INFOPLIST_KEY_UIApplicationSupportsIndirectInputEvents[sdk=iphoneos*]" = YES;
				"INFOPLIST_KEY_UIApplicationSupportsIndirectInputEvents[sdk=iphonesimulator*]" = YES;
				"INFOPLIST_KEY_UILaunchScreen_Generation[sdk=iphoneos*]" = YES;
				"INFOPLIST_KEY_UILaunchScreen_Generation[sdk=iphonesimulator*]" = YES;
				"INFOPLIST_KEY_UIStatusBarStyle[sdk=iphoneos*]" = UIStatusBarStyleDefault;
				"INFOPLIST_KEY_UIStatusBarStyle[sdk=iphonesimulator*]" = UIStatusBarStyleDefault;
				INFOPLIST_KEY_UISupportedInterfaceOrientations_iPad = "UIInterfaceOrientationPortrait UIInterfaceOrientationPortraitUpsideDown UIInterfaceOrientationLandscapeLeft UIInterfaceOrientationLandscapeRight";
				INFOPLIST_KEY_UISupportedInterfaceOrientations_iPhone = "UIInterfaceOrientationPortrait UIInterfaceOrientationLandscapeLeft UIInterfaceOrientationLandscapeRight";
				IPHONEOS_DEPLOYMENT_TARGET = 26.4;
				LD_RUNPATH_SEARCH_PATHS = "@executable_path/Frameworks";
				"LD_RUNPATH_SEARCH_PATHS[sdk=macosx*]" = "@executable_path/../Frameworks";
				MACOSX_DEPLOYMENT_TARGET = 14.6;
				MARKETING_VERSION = 1.0;
				PRODUCT_BUNDLE_IDENTIFIER = cheneydotcom.MP4toolsPlus;
				PRODUCT_NAME = "$(TARGET_NAME)";
				PROVISIONING_PROFILE_SPECIFIER = "";
				REGISTER_APP_GROUPS = YES;
				RUNTIME_EXCEPTION_ALLOW_DYLD_ENVIRONMENT_VARIABLES = NO;
				RUNTIME_EXCEPTION_ALLOW_JIT = NO;
				RUNTIME_EXCEPTION_ALLOW_UNSIGNED_EXECUTABLE_MEMORY = NO;
				RUNTIME_EXCEPTION_DEBUGGING_TOOL = NO;
				RUNTIME_EXCEPTION_DISABLE_EXECUTABLE_PAGE_PROTECTION = NO;
				RUNTIME_EXCEPTION_DISABLE_LIBRARY_VALIDATION = YES;
				SDKROOT = macosx;
				STRING_CATALOG_GENERATE_SYMBOLS = YES;
				SUPPORTED_PLATFORMS = macosx;
				SWIFT_APPROACHABLE_CONCURRENCY = YES;
				SWIFT_DEFAULT_ACTOR_ISOLATION = nonisolated;
				SWIFT_EMIT_LOC_STRINGS = YES;
				SWIFT_UPCOMING_FEATURE_MEMBER_IMPORT_VISIBILITY = YES;
				SWIFT_VERSION = 5.0;
				TARGETED_DEVICE_FAMILY = "1,2,7";
				XROS_DEPLOYMENT_TARGET = 26.4;
			};
			name = Release;
		};
		D9C4A4862FD89968007061D4 /* Debug */ = {
			isa = XCBuildConfiguration;
			buildSettings = {
				ALWAYS_SEARCH_USER_PATHS = NO;
				ASSETCATALOG_COMPILER_GENERATE_SWIFT_ASSET_SYMBOL_EXTENSIONS = YES;
				CLANG_ANALYZER_NONNULL = YES;
				CLANG_ANALYZER_NUMBER_OBJECT_CONVERSION = YES_AGGRESSIVE;
				CLANG_CXX_LANGUAGE_STANDARD = "gnu++20";
				CLANG_ENABLE_MODULES = YES;
				CLANG_ENABLE_OBJC_ARC = YES;
				CLANG_ENABLE_OBJC_WEAK = YES;
				CLANG_WARN_BLOCK_CAPTURE_AUTORELEASING = YES;
				CLANG_WARN_BOOL_CONVERSION = YES;
				CLANG_WARN_COMMA = YES;
				CLANG_WARN_CONSTANT_CONVERSION = YES;
				CLANG_WARN_DEPRECATED_OBJC_IMPLEMENTATIONS = YES;
				CLANG_WARN_DIRECT_OBJC_ISA_USAGE = YES_ERROR;
				CLANG_WARN_DOCUMENTATION_COMMENTS = YES;
				CLANG_WARN_EMPTY_BODY = YES;
				CLANG_WARN_ENUM_CONVERSION = YES;
				CLANG_WARN_INFINITE_RECURSION = YES;
				CLANG_WARN_INT_CONVERSION = YES;
				CLANG_WARN_NON_LITERAL_NULL_CONVERSION = YES;
				CLANG_WARN_OBJC_IMPLICIT_RETAIN_SELF = YES;
				CLANG_WARN_OBJC_LITERAL_CONVERSION = YES;
				CLANG_WARN_OBJC_ROOT_CLASS = YES_ERROR;
				CLANG_WARN_QUOTED_INCLUDE_IN_FRAMEWORK_HEADER = YES;
				CLANG_WARN_RANGE_LOOP_ANALYSIS = YES;
				CLANG_WARN_STRICT_PROTOTYPES = YES;
				CLANG_WARN_SUSPICIOUS_MOVE = YES;
				CLANG_WARN_UNGUARDED_AVAILABILITY = YES_AGGRESSIVE;
				CLANG_WARN_UNREACHABLE_CODE = YES;
				CLANG_WARN__DUPLICATE_METHOD_MATCH = YES;
				COPY_PHASE_STRIP = NO;
				DEBUG_INFORMATION_FORMAT = dwarf;
				DEVELOPMENT_TEAM = JTU6ZV6ZZF;
				ENABLE_STRICT_OBJC_MSGSEND = YES;
				ENABLE_TESTABILITY = YES;
				ENABLE_USER_SCRIPT_SANDBOXING = YES;
				GCC_C_LANGUAGE_STANDARD = gnu17;
				GCC_DYNAMIC_NO_PIC = NO;
				GCC_NO_COMMON_BLOCKS = YES;
				GCC_OPTIMIZATION_LEVEL = 0;
				GCC_PREPROCESSOR_DEFINITIONS = (
					"DEBUG=1",
					"$(inherited)",
				);
				GCC_WARN_64_TO_32_BIT_CONVERSION = YES;
				GCC_WARN_ABOUT_RETURN_TYPE = YES_ERROR;
				GCC_WARN_UNDECLARED_SELECTOR = YES;
				GCC_WARN_UNINITIALIZED_AUTOS = YES_AGGRESSIVE;
				GCC_WARN_UNUSED_FUNCTION = YES;
				GCC_WARN_UNUSED_VARIABLE = YES;
				LOCALIZATION_PREFERS_STRING_CATALOGS = YES;
				MTL_ENABLE_DEBUG_INFO = INCLUDE_SOURCE;
				MTL_FAST_MATH = YES;
				ONLY_ACTIVE_ARCH = YES;
				SWIFT_ACTIVE_COMPILATION_CONDITIONS = "DEBUG $(inherited)";
				SWIFT_OPTIMIZATION_LEVEL = "-Onone";
			};
			name = Debug;
		};
		D9C4A4872FD89968007061D4 /* Release */ = {
			isa = XCBuildConfiguration;
			buildSettings = {
				ALWAYS_SEARCH_USER_PATHS = NO;
				ASSETCATALOG_COMPILER_GENERATE_SWIFT_ASSET_SYMBOL_EXTENSIONS = YES;
				CLANG_ANALYZER_NONNULL = YES;
				CLANG_ANALYZER_NUMBER_OBJECT_CONVERSION = YES_AGGRESSIVE;
				CLANG_CXX_LANGUAGE_STANDARD = "gnu++20";
				CLANG_ENABLE_MODULES = YES;
				CLANG_ENABLE_OBJC_ARC = YES;
				CLANG_ENABLE_OBJC_WEAK = YES;
				CLANG_WARN_BLOCK_CAPTURE_AUTORELEASING = YES;
				CLANG_WARN_BOOL_CONVERSION = YES;
				CLANG_WARN_COMMA = YES;
				CLANG_WARN_CONSTANT_CONVERSION = YES;
				CLANG_WARN_DEPRECATED_OBJC_IMPLEMENTATIONS = YES;
				CLANG_WARN_DIRECT_OBJC_ISA_USAGE = YES_ERROR;
				CLANG_WARN_DOCUMENTATION_COMMENTS = YES;
				CLANG_WARN_EMPTY_BODY = YES;
				CLANG_WARN_ENUM_CONVERSION = YES;
				CLANG_WARN_INFINITE_RECURSION = YES;
				CLANG_WARN_INT_CONVERSION = YES;
				CLANG_WARN_NON_LITERAL_NULL_CONVERSION = YES;
				CLANG_WARN_OBJC_IMPLICIT_RETAIN_SELF = YES;
				CLANG_WARN_OBJC_LITERAL_CONVERSION = YES;
				CLANG_WARN_OBJC_ROOT_CLASS = YES_ERROR;
				CLANG_WARN_QUOTED_INCLUDE_IN_FRAMEWORK_HEADER = YES;
				CLANG_WARN_RANGE_LOOP_ANALYSIS = YES;
				CLANG_WARN_STRICT_PROTOTYPES = YES;
				CLANG_WARN_SUSPICIOUS_MOVE = YES;
				CLANG_WARN_UNGUARDED_AVAILABILITY = YES_AGGRESSIVE;
				CLANG_WARN_UNREACHABLE_CODE = YES;
				CLANG_WARN__DUPLICATE_METHOD_MATCH = YES;
				COPY_PHASE_STRIP = NO;
				DEBUG_INFORMATION_FORMAT = "dwarf-with-dsym";
				DEVELOPMENT_TEAM = JTU6ZV6ZZF;
				ENABLE_NS_ASSERTIONS = NO;
				ENABLE_STRICT_OBJC_MSGSEND = YES;
				ENABLE_USER_SCRIPT_SANDBOXING = YES;
				GCC_C_LANGUAGE_STANDARD = gnu17;
				GCC_NO_COMMON_BLOCKS = YES;
				GCC_WARN_64_TO_32_BIT_CONVERSION = YES;
				GCC_WARN_ABOUT_RETURN_TYPE = YES_ERROR;
				GCC_WARN_UNDECLARED_SELECTOR = YES;
				GCC_WARN_UNINITIALIZED_AUTOS = YES_AGGRESSIVE;
				GCC_WARN_UNUSED_FUNCTION = YES;
				GCC_WARN_UNUSED_VARIABLE = YES;
				LOCALIZATION_PREFERS_STRING_CATALOGS = YES;
				MTL_ENABLE_DEBUG_INFO = NO;
				MTL_FAST_MATH = YES;
				SWIFT_COMPILATION_MODE = wholemodule;
			};
			name = Release;
		};
		D9C4A4892FD89968007061D4 /* Debug */ = {
			isa = XCBuildConfiguration;
			buildSettings = {
				BUNDLE_LOADER = "$(TEST_HOST)";
				CODE_SIGN_STYLE = Automatic;
				CURRENT_PROJECT_VERSION = 1;
				DEVELOPMENT_TEAM = JTU6ZV6ZZF;
				GENERATE_INFOPLIST_FILE = YES;
				IPHONEOS_DEPLOYMENT_TARGET = 26.4;
				MACOSX_DEPLOYMENT_TARGET = 26.4;
				MARKETING_VERSION = 1.0;
				PRODUCT_BUNDLE_IDENTIFIER = cheneydotcom.MP4toolsPlusTests;
				PRODUCT_NAME = "$(TARGET_NAME)";
				SDKROOT = macosx;
				STRING_CATALOG_GENERATE_SYMBOLS = NO;
				SUPPORTED_PLATFORMS = macosx;
				SWIFT_APPROACHABLE_CONCURRENCY = YES;
				SWIFT_EMIT_LOC_STRINGS = NO;
				SWIFT_UPCOMING_FEATURE_MEMBER_IMPORT_VISIBILITY = YES;
				SWIFT_VERSION = 5.0;
				TARGETED_DEVICE_FAMILY = "1,2,7";
				TEST_HOST = "$(BUILT_PRODUCTS_DIR)/MP4toolsPlus.app/$(BUNDLE_EXECUTABLE_FOLDER_PATH)/MP4toolsPlus";
				XROS_DEPLOYMENT_TARGET = 26.4;
			};
			name = Debug;
		};
		D9C4A48A2FD89968007061D4 /* Release */ = {
			isa = XCBuildConfiguration;
			buildSettings = {
				BUNDLE_LOADER = "$(TEST_HOST)";
				CODE_SIGN_STYLE = Automatic;
				CURRENT_PROJECT_VERSION = 1;
				DEVELOPMENT_TEAM = JTU6ZV6ZZF;
				GENERATE_INFOPLIST_FILE = YES;
				IPHONEOS_DEPLOYMENT_TARGET = 26.4;
				MACOSX_DEPLOYMENT_TARGET = 26.4;
				MARKETING_VERSION = 1.0;
				PRODUCT_BUNDLE_IDENTIFIER = cheneydotcom.MP4toolsPlusTests;
				PRODUCT_NAME = "$(TARGET_NAME)";
				SDKROOT = macosx;
				STRING_CATALOG_GENERATE_SYMBOLS = NO;
				SUPPORTED_PLATFORMS = macosx;
				SWIFT_APPROACHABLE_CONCURRENCY = YES;
				SWIFT_EMIT_LOC_STRINGS = NO;
				SWIFT_UPCOMING_FEATURE_MEMBER_IMPORT_VISIBILITY = YES;
				SWIFT_VERSION = 5.0;
				TARGETED_DEVICE_FAMILY = "1,2,7";
				TEST_HOST = "$(BUILT_PRODUCTS_DIR)/MP4toolsPlus.app/$(BUNDLE_EXECUTABLE_FOLDER_PATH)/MP4toolsPlus";
				XROS_DEPLOYMENT_TARGET = 26.4;
			};
			name = Release;
		};
		D9C4A48C2FD89968007061D4 /* Debug */ = {
			isa = XCBuildConfiguration;
			buildSettings = {
				CODE_SIGN_STYLE = Automatic;
				CURRENT_PROJECT_VERSION = 1;
				DEVELOPMENT_TEAM = JTU6ZV6ZZF;
				GENERATE_INFOPLIST_FILE = YES;
				IPHONEOS_DEPLOYMENT_TARGET = 26.4;
				MACOSX_DEPLOYMENT_TARGET = 26.4;
				MARKETING_VERSION = 1.0;
				PRODUCT_BUNDLE_IDENTIFIER = cheneydotcom.MP4toolsPlusUITests;
				PRODUCT_NAME = "$(TARGET_NAME)";
				SDKROOT = macosx;
				STRING_CATALOG_GENERATE_SYMBOLS = NO;
				SUPPORTED_PLATFORMS = macosx;
				SWIFT_APPROACHABLE_CONCURRENCY = YES;
				SWIFT_EMIT_LOC_STRINGS = NO;
				SWIFT_UPCOMING_FEATURE_MEMBER_IMPORT_VISIBILITY = YES;
				SWIFT_VERSION = 5.0;
				TARGETED_DEVICE_FAMILY = "1,2,7";
				TEST_TARGET_NAME = MP4toolsPlus;
				XROS_DEPLOYMENT_TARGET = 26.4;
			};
			name = Debug;
		};
		D9C4A48D2FD89968007061D4 /* Release */ = {
			isa = XCBuildConfiguration;
			buildSettings = {
				CODE_SIGN_STYLE = Automatic;
				CURRENT_PROJECT_VERSION = 1;
				DEVELOPMENT_TEAM = JTU6ZV6ZZF;
				GENERATE_INFOPLIST_FILE = YES;
				IPHONEOS_DEPLOYMENT_TARGET = 26.4;
				MACOSX_DEPLOYMENT_TARGET = 26.4;
				MARKETING_VERSION = 1.0;
				PRODUCT_BUNDLE_IDENTIFIER = cheneydotcom.MP4toolsPlusUITests;
				PRODUCT_NAME = "$(TARGET_NAME)";
				SDKROOT = macosx;
				STRING_CATALOG_GENERATE_SYMBOLS = NO;
				SUPPORTED_PLATFORMS = macosx;
				SWIFT_APPROACHABLE_CONCURRENCY = YES;
				SWIFT_EMIT_LOC_STRINGS = NO;
				SWIFT_UPCOMING_FEATURE_MEMBER_IMPORT_VISIBILITY = YES;
				SWIFT_VERSION = 5.0;
				TARGETED_DEVICE_FAMILY = "1,2,7";
				TEST_TARGET_NAME = MP4toolsPlus;
				XROS_DEPLOYMENT_TARGET = 26.4;
			};
			name = Release;
		};
/* End XCBuildConfiguration section */

/* Begin XCConfigurationList section */
		D9C4A45A2FD89967007061D4 /* Build configuration list for PBXProject "MP4toolsPlus" */ = {
			isa = XCConfigurationList;
			buildConfigurations = (
				D9C4A4862FD89968007061D4 /* Debug */,
				D9C4A4872FD89968007061D4 /* Release */,
			);
			defaultConfigurationIsVisible = 0;
			defaultConfigurationName = Release;
		};
		D9C4A4832FD89968007061D4 /* Build configuration list for PBXNativeTarget "MP4toolsPlus" */ = {
			isa = XCConfigurationList;
			buildConfigurations = (
				D9C4A4842FD89968007061D4 /* Debug */,
				D9C4A4852FD89968007061D4 /* Release */,
			);
			defaultConfigurationIsVisible = 0;
			defaultConfigurationName = Release;
		};
		D9C4A4882FD89968007061D4 /* Build configuration list for PBXNativeTarget "MP4toolsPlusTests" */ = {
			isa = XCConfigurationList;
			buildConfigurations = (
				D9C4A4892FD89968007061D4 /* Debug */,
				D9C4A48A2FD89968007061D4 /* Release */,
			);
			defaultConfigurationIsVisible = 0;
			defaultConfigurationName = Release;
		};
		D9C4A48B2FD89968007061D4 /* Build configuration list for PBXNativeTarget "MP4toolsPlusUITests" */ = {
			isa = XCConfigurationList;
			buildConfigurations = (
				D9C4A48C2FD89968007061D4 /* Debug */,
				D9C4A48D2FD89968007061D4 /* Release */,
			);
			defaultConfigurationIsVisible = 0;
			defaultConfigurationName = Release;
		};
/* End XCConfigurationList section */
	};
	rootObject = D9C4A4572FD89967007061D4 /* Project object */;
}
